
Microsoft Visual Studio Solution File, Format Version 12.00
# Visual Studio 15
VisualStudioVersion = 15.0.28307.539
MinimumVisualStudioVersion = 10.0.40219.1
Project("{FAE04EC0-301F-11D3-BF4B-00C04F79EFBC}") = "EmlakOtomasyonu", "EmlakOtomasyonu\EmlakOtomasyonu.csproj", "{8CE408DB-3CA0-4DAD-BFEC-9D6BD34DE1BD}"
EndProject
Global
	GlobalSection(SolutionConfigurationPlatforms) = preSolution
		Debug|Any CPU = Debug|Any CPU
		Release|Any CPU = Release|Any CPU
	EndGlobalSection
	GlobalSection(ProjectConfigurationPlatforms) = postSolution
		{8CE408DB-3CA0-4DAD-BFEC-9D6BD34DE1BD}.Debug|Any CPU.ActiveCfg = Debug|Any CPU
		{8CE408DB-3CA0-4DAD-BFEC-9D6BD34DE1BD}.Debug|Any CPU.Build.0 = Debug|Any CPU
		{8CE408DB-3CA0-4DAD-BFEC-9D6BD34DE1BD}.Release|Any CPU.ActiveCfg = Release|Any CPU
		{8CE408DB-3CA0-4DAD-BFEC-9D6BD34DE1BD}.Release|Any CPU.Build.0 = Release|Any CPU
	EndGlobalSection
	GlobalSection(SolutionProperties) = preSolution
		HideSolutionNode = FALSE
	EndGlobalSection
	GlobalSection(ExtensibilityGlobals) = postSolution
		SolutionGuid = {01751385-7BFA-4C7A-91EE-94D2116EC324}
	EndGlobalSection
EndGlobal
